
Microsoft Visual Studio Solution File, Format Version 12.00
# Visual Studio Version 16
VisualStudioVersion = 16.0.31229.75
MinimumVisualStudioVersion = 10.0.40219.1
Project("{8BC9CEB8-8B4A-11D0-8D11-00A0C91BC942}") = "calculation_f", "calculation_f\calculation_f.vcxproj", "{3FEE6984-3E63-4DC4-8938-1AAE2CBA8FB6}"
EndProject
Global
	GlobalSection(SolutionConfigurationPlatforms) = preSolution
		Debug|x64 = Debug|x64
		Debug|x86 = Debug|x86
		Release|x64 = Release|x64
		Release|x86 = Release|x86
	EndGlobalSection
	GlobalSection(ProjectConfigurationPlatforms) = postSolution
		{3FEE6984-3E63-4DC4-8938-1AAE2CBA8FB6}.Debug|x64.ActiveCfg = Debug|x64
		{3FEE6984-3E63-4DC4-8938-1AAE2CBA8FB6}.Debug|x64.Build.0 = Debug|x64
		{3FEE6984-3E63-4DC4-8938-1AAE2CBA8FB6}.Debug|x86.ActiveCfg = Debug|Win32
		{3FEE6984-3E63-4DC4-8938-1AAE2CBA8FB6}.Debug|x86.Build.0 = Debug|Win32
		{3FEE6984-3E63-4DC4-8938-1AAE2CBA8FB6}.Release|x64.ActiveCfg = Release|x64
		{3FEE6984-3E63-4DC4-8938-1AAE2CBA8FB6}.Release|x64.Build.0 = Release|x64
		{3FEE6984-3E63-4DC4-8938-1AAE2CBA8FB6}.Release|x86.ActiveCfg = Release|Win32
		{3FEE6984-3E63-4DC4-8938-1AAE2CBA8FB6}.Release|x86.Build.0 = Release|Win32
	EndGlobalSection
	GlobalSection(SolutionProperties) = preSolution
		HideSolutionNode = FALSE
	EndGlobalSection
	GlobalSection(ExtensibilityGlobals) = postSolution
		SolutionGuid = {377F7CFA-F375-451B-B14B-6534310D2240}
	EndGlobalSection
EndGlobal
